
Microsoft Visual Studio Solution File, Format Version 12.00
# Visual Studio Version 16
VisualStudioVersion = 16.0.31129.286
MinimumVisualStudioVersion = 10.0.40219.1
Project("{9A19103F-16F7-4668-BE54-9A1E7A4F7556}") = "Graphics Packages", "DDA\Graphics Packages.csproj", "{9F0103AC-0848-444C-9643-3A0FAFAABD4C}"
EndProject
Global
	GlobalSection(SolutionConfigurationPlatforms) = preSolution
		Debug|Any CPU = Debug|Any CPU
		Release|Any CPU = Release|Any CPU
	EndGlobalSection
	GlobalSection(ProjectConfigurationPlatforms) = postSolution
		{9F0103AC-0848-444C-9643-3A0FAFAABD4C}.Debug|Any CPU.ActiveCfg = Debug|Any CPU
		{9F0103AC-0848-444C-9643-3A0FAFAABD4C}.Debug|Any CPU.Build.0 = Debug|Any CPU
		{9F0103AC-0848-444C-9643-3A0FAFAABD4C}.Release|Any CPU.ActiveCfg = Release|Any CPU
		{9F0103AC-0848-444C-9643-3A0FAFAABD4C}.Release|Any CPU.Build.0 = Release|Any CPU
	EndGlobalSection
	GlobalSection(SolutionProperties) = preSolution
		HideSolutionNode = FALSE
	EndGlobalSection
	GlobalSection(ExtensibilityGlobals) = postSolution
		SolutionGuid = {15CEE328-9E4F-40EB-93E4-E9CFA1BADCF7}
	EndGlobalSection
EndGlobal
